[root]
name = "mpeg2ts-reader"
version = "0.1.0"
dependencies = [
 "byteorder 1.1.0 (registry+https://github.com/rust-lang/crates.io-index)",
 "crc 1.5.0 (registry+https://github.com/rust-lang/crates.io-index)",
 "data-encoding 1.2.0 (registry+https://github.com/rust-lang/crates.io-index)",
 "hexdump 0.1.0 (registry+https://github.com/rust-lang/crates.io-index)",
]

[[package]]
name = "arrayvec"
version = "0.3.23"
source = "registry+https://github.com/rust-lang/crates.io-index"
dependencies = [
 "nodrop 0.1.9 (registry+https://github.com/rust-lang/crates.io-index)",
 "odds 0.2.25 (registry+https://github.com/rust-lang/crates.io-index)",
]

[[package]]
name = "build_const"
version = "0.2.0"
source = "registry+https://github.com/rust-lang/crates.io-index"

[[package]]
name = "byteorder"
version = "1.1.0"
source = "registry+https://github.com/rust-lang/crates.io-index"

[[package]]
name = "crc"
version = "1.5.0"
source = "registry+https://github.com/rust-lang/crates.io-index"
dependencies = [
 "build_const 0.2.0 (registry+https://github.com/rust-lang/crates.io-index)",
 "crc-core 0.1.0 (registry+https://github.com/rust-lang/crates.io-index)",
]

[[package]]
name = "crc-core"
version = "0.1.0"
source = "registry+https://github.com/rust-lang/crates.io-index"

[[package]]
name = "data-encoding"
version = "1.2.0"
source = "registry+https://github.com/rust-lang/crates.io-index"

[[package]]
name = "hexdump"
version = "0.1.0"
source = "registry+https://github.com/rust-lang/crates.io-index"
dependencies = [
 "arrayvec 0.3.23 (registry+https://github.com/rust-lang/crates.io-index)",
 "itertools 0.4.19 (registry+https://github.com/rust-lang/crates.io-index)",
]

[[package]]
name = "itertools"
version = "0.4.19"
source = "registry+https://github.com/rust-lang/crates.io-index"

[[package]]
name = "nodrop"
version = "0.1.9"
source = "registry+https://github.com/rust-lang/crates.io-index"
dependencies = [
 "odds 0.2.25 (registry+https://github.com/rust-lang/crates.io-index)",
]

[[package]]
name = "odds"
version = "0.2.25"
source = "registry+https://github.com/rust-lang/crates.io-index"

[metadata]
"checksum arrayvec 0.3.23 (registry+https://github.com/rust-lang/crates.io-index)" = "699e63a93b79d717e8c3b5eb1b28b7780d0d6d9e59a72eb769291c83b0c8dc67"
"checksum build_const 0.2.0 (registry+https://github.com/rust-lang/crates.io-index)" = "e90dc84f5e62d2ebe7676b83c22d33b6db8bd27340fb6ffbff0a364efa0cb9c9"
"checksum byteorder 1.1.0 (registry+https://github.com/rust-lang/crates.io-index)" = "ff81738b726f5d099632ceaffe7fb65b90212e8dce59d518729e7e8634032d3d"
"checksum crc 1.5.0 (registry+https://github.com/rust-lang/crates.io-index)" = "fba69ea0e15e720f7e1cfe1cf3bc55007fbd41e32b8ae11cfa343e7e5961e79a"
"checksum crc-core 0.1.0 (registry+https://github.com/rust-lang/crates.io-index)" = "003d1170779d405378223470f5864b41b79a91969be1260e4de7b4ec069af69c"
"checksum data-encoding 1.2.0 (registry+https://github.com/rust-lang/crates.io-index)" = "d867ddbf09de0b73e09ec798972fb7f870495a0893f6f736c1855448c5a56789"
"checksum hexdump 0.1.0 (registry+https://github.com/rust-lang/crates.io-index)" = "850f3f2c33d20c0f96c4485e087dd580ff041d720988ebf4c84a42acf739262b"
"checksum itertools 0.4.19 (registry+https://github.com/rust-lang/crates.io-index)" = "c4a9b56eb56058f43dc66e58f40a214b2ccbc9f3df51861b63d51dec7b65bc3f"
"checksum nodrop 0.1.9 (registry+https://github.com/rust-lang/crates.io-index)" = "52cd74cd09beba596430cc6e3091b74007169a56246e1262f0ba451ea95117b2"
"checksum odds 0.2.25 (registry+https://github.com/rust-lang/crates.io-index)" = "c3df9b730298cea3a1c3faa90b7e2f9df3a9c400d0936d6015e6165734eefcba"
