[root]
name = "mpeg2ts-reader"
version = "0.1.0"
dependencies = [
 "amphora 0.1.0 (git+https://github.com/irauta/amphora.git)",
 "bitreader 0.3.1 (git+https://github.com/irauta/bitreader.git)",
 "bitstream-io 0.6.3 (registry+https://github.com/rust-lang/crates.io-index)",
 "byteorder 1.1.0 (registry+https://github.com/rust-lang/crates.io-index)",
 "crc 1.5.0 (registry+https://github.com/rust-lang/crates.io-index)",
 "data-encoding 1.2.0 (registry+https://github.com/rust-lang/crates.io-index)",
 "hexdump 0.1.0 (registry+https://github.com/rust-lang/crates.io-index)",
 "matches 0.1.6 (registry+https://github.com/rust-lang/crates.io-index)",
]

[[package]]
name = "amphora"
version = "0.1.0"
source = "git+https://github.com/irauta/amphora.git#37bac2e00b91feb4390796f832b7f4f52eb4c8c0"
dependencies = [
 "bitreader 0.3.1 (git+https://github.com/irauta/bitreader.git)",
 "encoding 0.2.33 (registry+https://github.com/rust-lang/crates.io-index)",
]

[[package]]
name = "arrayvec"
version = "0.3.23"
source = "registry+https://github.com/rust-lang/crates.io-index"
dependencies = [
 "nodrop 0.1.9 (registry+https://github.com/rust-lang/crates.io-index)",
 "odds 0.2.25 (registry+https://github.com/rust-lang/crates.io-index)",
]

[[package]]
name = "bitreader"
version = "0.3.1"
source = "git+https://github.com/irauta/bitreader.git#4e34c5adfd2f45fb5f671f34d0ffe1d29adc77dc"

[[package]]
name = "bitstream-io"
version = "0.6.3"
source = "registry+https://github.com/rust-lang/crates.io-index"

[[package]]
name = "build_const"
version = "0.2.0"
source = "registry+https://github.com/rust-lang/crates.io-index"

[[package]]
name = "byteorder"
version = "1.1.0"
source = "registry+https://github.com/rust-lang/crates.io-index"

[[package]]
name = "crc"
version = "1.5.0"
source = "registry+https://github.com/rust-lang/crates.io-index"
dependencies = [
 "build_const 0.2.0 (registry+https://github.com/rust-lang/crates.io-index)",
 "crc-core 0.1.0 (registry+https://github.com/rust-lang/crates.io-index)",
]

[[package]]
name = "crc-core"
version = "0.1.0"
source = "registry+https://github.com/rust-lang/crates.io-index"

[[package]]
name = "data-encoding"
version = "1.2.0"
source = "registry+https://github.com/rust-lang/crates.io-index"

[[package]]
name = "encoding"
version = "0.2.33"
source = "registry+https://github.com/rust-lang/crates.io-index"
dependencies = [
 "encoding-index-japanese 1.20141219.5 (registry+https://github.com/rust-lang/crates.io-index)",
 "encoding-index-korean 1.20141219.5 (registry+https://github.com/rust-lang/crates.io-index)",
 "encoding-index-simpchinese 1.20141219.5 (registry+https://github.com/rust-lang/crates.io-index)",
 "encoding-index-singlebyte 1.20141219.5 (registry+https://github.com/rust-lang/crates.io-index)",
 "encoding-index-tradchinese 1.20141219.5 (registry+https://github.com/rust-lang/crates.io-index)",
]

[[package]]
name = "encoding-index-japanese"
version = "1.20141219.5"
source = "registry+https://github.com/rust-lang/crates.io-index"
dependencies = [
 "encoding_index_tests 0.1.4 (registry+https://github.com/rust-lang/crates.io-index)",
]

[[package]]
name = "encoding-index-korean"
version = "1.20141219.5"
source = "registry+https://github.com/rust-lang/crates.io-index"
dependencies = [
 "encoding_index_tests 0.1.4 (registry+https://github.com/rust-lang/crates.io-index)",
]

[[package]]
name = "encoding-index-simpchinese"
version = "1.20141219.5"
source = "registry+https://github.com/rust-lang/crates.io-index"
dependencies = [
 "encoding_index_tests 0.1.4 (registry+https://github.com/rust-lang/crates.io-index)",
]

[[package]]
name = "encoding-index-singlebyte"
version = "1.20141219.5"
source = "registry+https://github.com/rust-lang/crates.io-index"
dependencies = [
 "encoding_index_tests 0.1.4 (registry+https://github.com/rust-lang/crates.io-index)",
]

[[package]]
name = "encoding-index-tradchinese"
version = "1.20141219.5"
source = "registry+https://github.com/rust-lang/crates.io-index"
dependencies = [
 "encoding_index_tests 0.1.4 (registry+https://github.com/rust-lang/crates.io-index)",
]

[[package]]
name = "encoding_index_tests"
version = "0.1.4"
source = "registry+https://github.com/rust-lang/crates.io-index"

[[package]]
name = "hexdump"
version = "0.1.0"
source = "registry+https://github.com/rust-lang/crates.io-index"
dependencies = [
 "arrayvec 0.3.23 (registry+https://github.com/rust-lang/crates.io-index)",
 "itertools 0.4.19 (registry+https://github.com/rust-lang/crates.io-index)",
]

[[package]]
name = "itertools"
version = "0.4.19"
source = "registry+https://github.com/rust-lang/crates.io-index"

[[package]]
name = "matches"
version = "0.1.6"
source = "registry+https://github.com/rust-lang/crates.io-index"

[[package]]
name = "nodrop"
version = "0.1.9"
source = "registry+https://github.com/rust-lang/crates.io-index"
dependencies = [
 "odds 0.2.25 (registry+https://github.com/rust-lang/crates.io-index)",
]

[[package]]
name = "odds"
version = "0.2.25"
source = "registry+https://github.com/rust-lang/crates.io-index"

[metadata]
"checksum amphora 0.1.0 (git+https://github.com/irauta/amphora.git)" = "<none>"
"checksum arrayvec 0.3.23 (registry+https://github.com/rust-lang/crates.io-index)" = "699e63a93b79d717e8c3b5eb1b28b7780d0d6d9e59a72eb769291c83b0c8dc67"
"checksum bitreader 0.3.1 (git+https://github.com/irauta/bitreader.git)" = "<none>"
"checksum bitstream-io 0.6.3 (registry+https://github.com/rust-lang/crates.io-index)" = "48f26d7f042e5a120b0956c7546bbb971151f6e6e895b3f5d141ecbd17c90d67"
"checksum build_const 0.2.0 (registry+https://github.com/rust-lang/crates.io-index)" = "e90dc84f5e62d2ebe7676b83c22d33b6db8bd27340fb6ffbff0a364efa0cb9c9"
"checksum byteorder 1.1.0 (registry+https://github.com/rust-lang/crates.io-index)" = "ff81738b726f5d099632ceaffe7fb65b90212e8dce59d518729e7e8634032d3d"
"checksum crc 1.5.0 (registry+https://github.com/rust-lang/crates.io-index)" = "fba69ea0e15e720f7e1cfe1cf3bc55007fbd41e32b8ae11cfa343e7e5961e79a"
"checksum crc-core 0.1.0 (registry+https://github.com/rust-lang/crates.io-index)" = "003d1170779d405378223470f5864b41b79a91969be1260e4de7b4ec069af69c"
"checksum data-encoding 1.2.0 (registry+https://github.com/rust-lang/crates.io-index)" = "d867ddbf09de0b73e09ec798972fb7f870495a0893f6f736c1855448c5a56789"
"checksum encoding 0.2.33 (registry+https://github.com/rust-lang/crates.io-index)" = "6b0d943856b990d12d3b55b359144ff341533e516d94098b1d3fc1ac666d36ec"
"checksum encoding-index-japanese 1.20141219.5 (registry+https://github.com/rust-lang/crates.io-index)" = "04e8b2ff42e9a05335dbf8b5c6f7567e5591d0d916ccef4e0b1710d32a0d0c91"
"checksum encoding-index-korean 1.20141219.5 (registry+https://github.com/rust-lang/crates.io-index)" = "4dc33fb8e6bcba213fe2f14275f0963fd16f0a02c878e3095ecfdf5bee529d81"
"checksum encoding-index-simpchinese 1.20141219.5 (registry+https://github.com/rust-lang/crates.io-index)" = "d87a7194909b9118fc707194baa434a4e3b0fb6a5a757c73c3adb07aa25031f7"
"checksum encoding-index-singlebyte 1.20141219.5 (registry+https://github.com/rust-lang/crates.io-index)" = "3351d5acffb224af9ca265f435b859c7c01537c0849754d3db3fdf2bfe2ae84a"
"checksum encoding-index-tradchinese 1.20141219.5 (registry+https://github.com/rust-lang/crates.io-index)" = "fd0e20d5688ce3cab59eb3ef3a2083a5c77bf496cb798dc6fcdb75f323890c18"
"checksum encoding_index_tests 0.1.4 (registry+https://github.com/rust-lang/crates.io-index)" = "a246d82be1c9d791c5dfde9a2bd045fc3cbba3fa2b11ad558f27d01712f00569"
"checksum hexdump 0.1.0 (registry+https://github.com/rust-lang/crates.io-index)" = "850f3f2c33d20c0f96c4485e087dd580ff041d720988ebf4c84a42acf739262b"
"checksum itertools 0.4.19 (registry+https://github.com/rust-lang/crates.io-index)" = "c4a9b56eb56058f43dc66e58f40a214b2ccbc9f3df51861b63d51dec7b65bc3f"
"checksum matches 0.1.6 (registry+https://github.com/rust-lang/crates.io-index)" = "100aabe6b8ff4e4a7e32c1c13523379802df0772b82466207ac25b013f193376"
"checksum nodrop 0.1.9 (registry+https://github.com/rust-lang/crates.io-index)" = "52cd74cd09beba596430cc6e3091b74007169a56246e1262f0ba451ea95117b2"
"checksum odds 0.2.25 (registry+https://github.com/rust-lang/crates.io-index)" = "c3df9b730298cea3a1c3faa90b7e2f9df3a9c400d0936d6015e6165734eefcba"
